
Microsoft Visual Studio Solution File, Format Version 12.00
# Visual Studio Version 17
VisualStudioVersion = 17.4.33103.184
MinimumVisualStudioVersion = 10.0.40219.1
Project("{FAE04EC0-301F-11D3-BF4B-00C04F79EFBC}") = "BcryptAccount", "Bcrypt\BcryptAccount.csproj", "{5CAA7CA7-360C-4F8B-8447-8F5A7D784B9A}"
EndProject
Global
	GlobalSection(SolutionConfigurationPlatforms) = preSolution
		Debug|Any CPU = Debug|Any CPU
		Release|Any CPU = Release|Any CPU
	EndGlobalSection
	GlobalSection(ProjectConfigurationPlatforms) = postSolution
		{5CAA7CA7-360C-4F8B-8447-8F5A7D784B9A}.Debug|Any CPU.ActiveCfg = Debug|Any CPU
		{5CAA7CA7-360C-4F8B-8447-8F5A7D784B9A}.Debug|Any CPU.Build.0 = Debug|Any CPU
		{5CAA7CA7-360C-4F8B-8447-8F5A7D784B9A}.Release|Any CPU.ActiveCfg = Release|Any CPU
		{5CAA7CA7-360C-4F8B-8447-8F5A7D784B9A}.Release|Any CPU.Build.0 = Release|Any CPU
	EndGlobalSection
	GlobalSection(SolutionProperties) = preSolution
		HideSolutionNode = FALSE
	EndGlobalSection
	GlobalSection(ExtensibilityGlobals) = postSolution
		SolutionGuid = {83DE1F67-9B69-49DE-B3F2-66D25B310AA0}
	EndGlobalSection
EndGlobal
